{
  "requires": true,
  "lockfileVersion": 1,
  "dependencies": {
    "google-libphonenumber": {
      "version": "3.2.14",
      "resolved": "https://registry.npmjs.org/google-libphonenumber/-/google-libphonenumber-3.2.14.tgz",
      "integrity": "sha512-4r7mQRbk7EUYV1gyfP1SInYuQsjuDtRXCGLSotxeYDJaj/aF1xFO5PV/GSQeIxXWhIw050DujROICvWpZ1XYRw=="
    }
  }
}
